
Microsoft Visual Studio Solution File, Format Version 12.00
# Visual Studio 15
VisualStudioVersion = 15.0.28307.1000
MinimumVisualStudioVersion = 10.0.40219.1
Project("{FAE04EC0-301F-11D3-BF4B-00C04F79EFBC}") = "testSelenium", "testSelenium\testSelenium.csproj", "{93C01030-BD5A-4475-A303-F5477A2C5DDB}"
EndProject
Global
	GlobalSection(SolutionConfigurationPlatforms) = preSolution
		Debug|Any CPU = Debug|Any CPU
		Release|Any CPU = Release|Any CPU
	EndGlobalSection
	GlobalSection(ProjectConfigurationPlatforms) = postSolution
		{93C01030-BD5A-4475-A303-F5477A2C5DDB}.Debug|Any CPU.ActiveCfg = Debug|Any CPU
		{93C01030-BD5A-4475-A303-F5477A2C5DDB}.Debug|Any CPU.Build.0 = Debug|Any CPU
		{93C01030-BD5A-4475-A303-F5477A2C5DDB}.Release|Any CPU.ActiveCfg = Release|Any CPU
		{93C01030-BD5A-4475-A303-F5477A2C5DDB}.Release|Any CPU.Build.0 = Release|Any CPU
	EndGlobalSection
	GlobalSection(SolutionProperties) = preSolution
		HideSolutionNode = FALSE
	EndGlobalSection
	GlobalSection(ExtensibilityGlobals) = postSolution
		SolutionGuid = {D7FE5806-40DE-4882-9E22-FD7737A9ED56}
	EndGlobalSection
EndGlobal
